// !$*UTF8*$!
{
	archiveVersion = 1;
	classes = {
	};
	objectVersion = 55;
	objects = {

/* Begin PBXBuildFile section */
		FAE72A61270D8566001D648E /* AppDelegate.swift in Sources */ = {isa = PBXBuildFile; fileRef = FAE72A60270D8566001D648E /* AppDelegate.swift */; };
		FAE72A63270D8566001D648E /* SceneDelegate.swift in Sources */ = {isa = PBXBuildFile; fileRef = FAE72A62270D8566001D648E /* SceneDelegate.swift */; };
		FAE72A65270D8566001D648E /* ViewController.swift in Sources */ = {isa = PBXBuildFile; fileRef = FAE72A64270D8566001D648E /* ViewController.swift */; };
		FAE72A68270D8566001D648E /* Main.storyboard in Resources */ = {isa = PBXBuildFile; fileRef = FAE72A66270D8566001D648E /* Main.storyboard */; };
		FAE72A6A270D8569001D648E /* Assets.xcassets in Resources */ = {isa = PBXBuildFile; fileRef = FAE72A69270D8569001D648E /* Assets.xcassets */; };
		FAE72A6D270D8569001D648E /* LaunchScreen.storyboard in Resources */ = {isa = PBXBuildFile; fileRef = FAE72A6B270D8569001D648E /* LaunchScreen.storyboard */; };
		FAE72A78270D8569001D648E /* LocAppTests.swift in Sources */ = {isa = PBXBuildFile; fileRef = FAE72A77270D8569001D648E /* LocAppTests.swift */; };
		FAE72A82270D8569001D648E /* LocAppUITests.swift in Sources */ = {isa = PBXBuildFile; fileRef = FAE72A81270D8569001D648E /* LocAppUITests.swift */; };
		FAE72A84270D8569001D648E /* LocAppUITestsLaunchTests.swift in Sources */ = {isa = PBXBuildFile; fileRef = FAE72A83270D8569001D648E /* LocAppUITestsLaunchTests.swift */; };
		FAE72A98270D8754001D648E /* Localizable.strings in Resources */ = {isa = PBXBuildFile; fileRef = FAE72A9A270D8754001D648E /* Localizable.strings */; };
/* End PBXBuildFile section */

/* Begin PBXContainerItemProxy section */
		FAE72A74270D8569001D648E /* PBXContainerItemProxy */ = {
			isa = PBXContainerItemProxy;
			containerPortal = FAE72A55270D8566001D648E /* Project object */;
			proxyType = 1;
			remoteGlobalIDString = FAE72A5C270D8566001D648E;
			remoteInfo = LocApp;
		};
		FAE72A7E270D8569001D648E /* PBXContainerItemProxy */ = {
			isa = PBXContainerItemProxy;
			containerPortal = FAE72A55270D8566001D648E /* Project object */;
			proxyType = 1;
			remoteGlobalIDString = FAE72A5C270D8566001D648E;
			remoteInfo = LocApp;
		};
/* End PBXContainerItemProxy section */

/* Begin PBXFileReference section */
		FAE72A5D270D8566001D648E /* LocApp.app */ = {isa = PBXFileReference; explicitFileType = wrapper.application; includeInIndex = 0; path = LocApp.app; sourceTree = BUILT_PRODUCTS_DIR; };
		FAE72A60270D8566001D648E /* AppDelegate.swift */ = {isa = PBXFileReference; lastKnownFileType = sourcecode.swift; path = AppDelegate.swift; sourceTree = "<group>"; };
		FAE72A62270D8566001D648E /* SceneDelegate.swift */ = {isa = PBXFileReference; lastKnownFileType = sourcecode.swift; path = SceneDelegate.swift; sourceTree = "<group>"; };
		FAE72A64270D8566001D648E /* ViewController.swift */ = {isa = PBXFileReference; lastKnownFileType = sourcecode.swift; path = ViewController.swift; sourceTree = "<group>"; };
		FAE72A67270D8566001D648E /* Base */ = {isa = PBXFileReference; lastKnownFileType = file.storyboard; name = Base; path = Base.lproj/Main.storyboard; sourceTree = "<group>"; };
		FAE72A69270D8569001D648E /* Assets.xcassets */ = {isa = PBXFileReference; lastKnownFileType = folder.assetcatalog; path = Assets.xcassets; sourceTree = "<group>"; };
		FAE72A6C270D8569001D648E /* Base */ = {isa = PBXFileReference; lastKnownFileType = file.storyboard; name = Base; path = Base.lproj/LaunchScreen.storyboard; sourceTree = "<group>"; };
		FAE72A6E270D8569001D648E /* Info.plist */ = {isa = PBXFileReference; lastKnownFileType = text.plist.xml; path = Info.plist; sourceTree = "<group>"; };
		FAE72A73270D8569001D648E /* LocAppTests.xctest */ = {isa = PBXFileReference; explicitFileType = wrapper.cfbundle; includeInIndex = 0; path = LocAppTests.xctest; sourceTree = BUILT_PRODUCTS_DIR; };
		FAE72A77270D8569001D648E /* LocAppTests.swift */ = {isa = PBXFileReference; lastKnownFileType = sourcecode.swift; path = LocAppTests.swift; sourceTree = "<group>"; };
		FAE72A7D270D8569001D648E /* LocAppUITests.xctest */ = {isa = PBXFileReference; explicitFileType = wrapper.cfbundle; includeInIndex = 0; path = LocAppUITests.xctest; sourceTree = BUILT_PRODUCTS_DIR; };
		FAE72A81270D8569001D648E /* LocAppUITests.swift */ = {isa = PBXFileReference; lastKnownFileType = sourcecode.swift; path = LocAppUITests.swift; sourceTree = "<group>"; };
		FAE72A83270D8569001D648E /* LocAppUITestsLaunchTests.swift */ = {isa = PBXFileReference; lastKnownFileType = sourcecode.swift; path = LocAppUITestsLaunchTests.swift; sourceTree = "<group>"; };
		FAE72A95270D868A001D648E /* en */ = {isa = PBXFileReference; lastKnownFileType = text.plist.strings; name = en; path = en.lproj/Main.strings; sourceTree = "<group>"; };
		FAE72A96270D86AA001D648E /* ar */ = {isa = PBXFileReference; lastKnownFileType = text.plist.strings; name = ar; path = ar.lproj/Main.strings; sourceTree = "<group>"; };
		FAE72A97270D86AA001D648E /* ar */ = {isa = PBXFileReference; lastKnownFileType = text.plist.strings; name = ar; path = ar.lproj/LaunchScreen.strings; sourceTree = "<group>"; };
		FAE72A99270D8754001D648E /* ar */ = {isa = PBXFileReference; lastKnownFileType = text.plist.strings; name = ar; path = ar.lproj/Localizable.strings; sourceTree = "<group>"; };
		FAE72A9B270D875F001D648E /* en */ = {isa = PBXFileReference; lastKnownFileType = text.plist.strings; name = en; path = en.lproj/Localizable.strings; sourceTree = "<group>"; };
/* End PBXFileReference section */

/* Begin PBXFrameworksBuildPhase section */
		FAE72A5A270D8566001D648E /* Frameworks */ = {
			isa = PBXFrameworksBuildPhase;
			buildActionMask = 2147483647;
			files = (
			);
			runOnlyForDeploymentPostprocessing = 0;
		};
		FAE72A70270D8569001D648E /* Frameworks */ = {
			isa = PBXFrameworksBuildPhase;
			buildActionMask = 2147483647;
			files = (
			);
			runOnlyForDeploymentPostprocessing = 0;
		};
		FAE72A7A270D8569001D648E /* Frameworks */ = {
			isa = PBXFrameworksBuildPhase;
			buildActionMask = 2147483647;
			files = (
			);
			runOnlyForDeploymentPostprocessing = 0;
		};
/* End PBXFrameworksBuildPhase section */

/* Begin PBXGroup section */
		FAE72A54270D8566001D648E = {
			isa = PBXGroup;
			children = (
				FAE72A5F270D8566001D648E /* LocApp */,
				FAE72A76270D8569001D648E /* LocAppTests */,
				FAE72A80270D8569001D648E /* LocAppUITests */,
				FAE72A5E270D8566001D648E /* Products */,
			);
			sourceTree = "<group>";
		};
		FAE72A5E270D8566001D648E /* Products */ = {
			isa = PBXGroup;
			children = (
				FAE72A5D270D8566001D648E /* LocApp.app */,
				FAE72A73270D8569001D648E /* LocAppTests.xctest */,
				FAE72A7D270D8569001D648E /* LocAppUITests.xctest */,
			);
			name = Products;
			sourceTree = "<group>";
		};
		FAE72A5F270D8566001D648E /* LocApp */ = {
			isa = PBXGroup;
			children = (
				FAE72A60270D8566001D648E /* AppDelegate.swift */,
				FAE72A62270D8566001D648E /* SceneDelegate.swift */,
				FAE72A9A270D8754001D648E /* Localizable.strings */,
				FAE72A64270D8566001D648E /* ViewController.swift */,
				FAE72A66270D8566001D648E /* Main.storyboard */,
				FAE72A69270D8569001D648E /* Assets.xcassets */,
				FAE72A6B270D8569001D648E /* LaunchScreen.storyboard */,
				FAE72A6E270D8569001D648E /* Info.plist */,
			);
			path = LocApp;
			sourceTree = "<group>";
		};
		FAE72A76270D8569001D648E /* LocAppTests */ = {
			isa = PBXGroup;
			children = (
				FAE72A77270D8569001D648E /* LocAppTests.swift */,
			);
			path = LocAppTests;
			sourceTree = "<group>";
		};
		FAE72A80270D8569001D648E /* LocAppUITests */ = {
			isa = PBXGroup;
			children = (
				FAE72A81270D8569001D648E /* LocAppUITests.swift */,
				FAE72A83270D8569001D648E /* LocAppUITestsLaunchTests.swift */,
			);
			path = LocAppUITests;
			sourceTree = "<group>";
		};
/* End PBXGroup section */

/* Begin PBXNativeTarget section */
		FAE72A5C270D8566001D648E /* LocApp */ = {
			isa = PBXNativeTarget;
			buildConfigurationList = FAE72A87270D8569001D648E /* Build configuration list for PBXNativeTarget "LocApp" */;
			buildPhases = (
				FAE72A59270D8566001D648E /* Sources */,
				FAE72A5A270D8566001D648E /* Frameworks */,
				FAE72A5B270D8566001D648E /* Resources */,
			);
			buildRules = (
			);
			dependencies = (
			);
			name = LocApp;
			productName = LocApp;
			productReference = FAE72A5D270D8566001D648E /* LocApp.app */;
			productType = "com.apple.product-type.application";
		};
		FAE72A72270D8569001D648E /* LocAppTests */ = {
			isa = PBXNativeTarget;
			buildConfigurationList = FAE72A8A270D8569001D648E /* Build configuration list for PBXNativeTarget "LocAppTests" */;
			buildPhases = (
				FAE72A6F270D8569001D648E /* Sources */,
				FAE72A70270D8569001D648E /* Frameworks */,
				FAE72A71270D8569001D648E /* Resources */,
			);
			buildRules = (
			);
			dependencies = (
				FAE72A75270D8569001D648E /* PBXTargetDependency */,
			);
			name = LocAppTests;
			productName = LocAppTests;
			productReference = FAE72A73270D8569001D648E /* LocAppTests.xctest */;
			productType = "com.apple.product-type.bundle.unit-test";
		};
		FAE72A7C270D8569001D648E /* LocAppUITests */ = {
			isa = PBXNativeTarget;
			buildConfigurationList = FAE72A8D270D8569001D648E /* Build configuration list for PBXNativeTarget "LocAppUITests" */;
			buildPhases = (
				FAE72A79270D8569001D648E /* Sources */,
				FAE72A7A270D8569001D648E /* Frameworks */,
				FAE72A7B270D8569001D648E /* Resources */,
			);
			buildRules = (
			);
			dependencies = (
				FAE72A7F270D8569001D648E /* PBXTargetDependency */,
			);
			name = LocAppUITests;
			productName = LocAppUITests;
			productReference = FAE72A7D270D8569001D648E /* LocAppUITests.xctest */;
			productType = "com.apple.product-type.bundle.ui-testing";
		};
/* End PBXNativeTarget section */

/* Begin PBXProject section */
		FAE72A55270D8566001D648E /* Project object */ = {
			isa = PBXProject;
			attributes = {
				BuildIndependentTargetsInParallel = 1;
				LastSwiftUpdateCheck = 1300;
				LastUpgradeCheck = 1300;
				TargetAttributes = {
					FAE72A5C270D8566001D648E = {
						CreatedOnToolsVersion = 13.0;
					};
					FAE72A72270D8569001D648E = {
						CreatedOnToolsVersion = 13.0;
						TestTargetID = FAE72A5C270D8566001D648E;
					};
					FAE72A7C270D8569001D648E = {
						CreatedOnToolsVersion = 13.0;
						TestTargetID = FAE72A5C270D8566001D648E;
					};
				};
			};
			buildConfigurationList = FAE72A58270D8566001D648E /* Build configuration list for PBXProject "LocApp" */;
			compatibilityVersion = "Xcode 13.0";
			developmentRegion = en;
			hasScannedForEncodings = 0;
			knownRegions = (
				en,
				Base,
				ar,
			);
			mainGroup = FAE72A54270D8566001D648E;
			productRefGroup = FAE72A5E270D8566001D648E /* Products */;
			projectDirPath = "";
			projectRoot = "";
			targets = (
				FAE72A5C270D8566001D648E /* LocApp */,
				FAE72A72270D8569001D648E /* LocAppTests */,
				FAE72A7C270D8569001D648E /* LocAppUITests */,
			);
		};
/* End PBXProject section */

/* Begin PBXResourcesBuildPhase section */
		FAE72A5B270D8566001D648E /* Resources */ = {
			isa = PBXResourcesBuildPhase;
			buildActionMask = 2147483647;
			files = (
				FAE72A6D270D8569001D648E /* LaunchScreen.storyboard in Resources */,
				FAE72A98270D8754001D648E /* Localizable.strings in Resources */,
				FAE72A6A270D8569001D648E /* Assets.xcassets in Resources */,
				FAE72A68270D8566001D648E /* Main.storyboard in Resources */,
			);
			runOnlyForDeploymentPostprocessing = 0;
		};
		FAE72A71270D8569001D648E /* Resources */ = {
			isa = PBXResourcesBuildPhase;
			buildActionMask = 2147483647;
			files = (
			);
			runOnlyForDeploymentPostprocessing = 0;
		};
		FAE72A7B270D8569001D648E /* Resources */ = {
			isa = PBXResourcesBuildPhase;
			buildActionMask = 2147483647;
			files = (
			);
			runOnlyForDeploymentPostprocessing = 0;
		};
/* End PBXResourcesBuildPhase section */

/* Begin PBXSourcesBuildPhase section */
		FAE72A59270D8566001D648E /* Sources */ = {
			isa = PBXSourcesBuildPhase;
			buildActionMask = 2147483647;
			files = (
				FAE72A65270D8566001D648E /* ViewController.swift in Sources */,
				FAE72A61270D8566001D648E /* AppDelegate.swift in Sources */,
				FAE72A63270D8566001D648E /* SceneDelegate.swift in Sources */,
			);
			runOnlyForDeploymentPostprocessing = 0;
		};
		FAE72A6F270D8569001D648E /* Sources */ = {
			isa = PBXSourcesBuildPhase;
			buildActionMask = 2147483647;
			files = (
				FAE72A78270D8569001D648E /* LocAppTests.swift in Sources */,
			);
			runOnlyForDeploymentPostprocessing = 0;
		};
		FAE72A79270D8569001D648E /* Sources */ = {
			isa = PBXSourcesBuildPhase;
			buildActionMask = 2147483647;
			files = (
				FAE72A82270D8569001D648E /* LocAppUITests.swift in Sources */,
				FAE72A84270D8569001D648E /* LocAppUITestsLaunchTests.swift in Sources */,
			);
			runOnlyForDeploymentPostprocessing = 0;
		};
/* End PBXSourcesBuildPhase section */

/* Begin PBXTargetDependency section */
		FAE72A75270D8569001D648E /* PBXTargetDependency */ = {
			isa = PBXTargetDependency;
			target = FAE72A5C270D8566001D648E /* LocApp */;
			targetProxy = FAE72A74270D8569001D648E /* PBXContainerItemProxy */;
		};
		FAE72A7F270D8569001D648E /* PBXTargetDependency */ = {
			isa = PBXTargetDependency;
			target = FAE72A5C270D8566001D648E /* LocApp */;
			targetProxy = FAE72A7E270D8569001D648E /* PBXContainerItemProxy */;
		};
/* End PBXTargetDependency section */

/* Begin PBXVariantGroup section */
		FAE72A66270D8566001D648E /* Main.storyboard */ = {
			isa = PBXVariantGroup;
			children = (
				FAE72A67270D8566001D648E /* Base */,
				FAE72A95270D868A001D648E /* en */,
				FAE72A96270D86AA001D648E /* ar */,
			);
			name = Main.storyboard;
			sourceTree = "<group>";
		};
		FAE72A6B270D8569001D648E /* LaunchScreen.storyboard */ = {
			isa = PBXVariantGroup;
			children = (
				FAE72A6C270D8569001D648E /* Base */,
				FAE72A97270D86AA001D648E /* ar */,
			);
			name = LaunchScreen.storyboard;
			sourceTree = "<group>";
		};
		FAE72A9A270D8754001D648E /* Localizable.strings */ = {
			isa = PBXVariantGroup;
			children = (
				FAE72A99270D8754001D648E /* ar */,
				FAE72A9B270D875F001D648E /* en */,
			);
			name = Localizable.strings;
			sourceTree = "<group>";
		};
/* End PBXVariantGroup section */

/* Begin XCBuildConfiguration section */
		FAE72A85270D8569001D648E /* Debug */ = {
			isa = XCBuildConfiguration;
			buildSettings = {
				ALWAYS_SEARCH_USER_PATHS = NO;
				CLANG_ANALYZER_LOCALIZABILITY_NONLOCALIZED = YES;
				CLANG_ANALYZER_NONNULL = YES;
				CLANG_ANALYZER_NUMBER_OBJECT_CONVERSION = YES_AGGRESSIVE;
				CLANG_CXX_LANGUAGE_STANDARD = "gnu++17";
				CLANG_CXX_LIBRARY = "libc++";
				CLANG_ENABLE_MODULES = YES;
				CLANG_ENABLE_OBJC_ARC = YES;
				CLANG_ENABLE_OBJC_WEAK = YES;
				CLANG_WARN_BLOCK_CAPTURE_AUTORELEASING = YES;
				CLANG_WARN_BOOL_CONVERSION = YES;
				CLANG_WARN_COMMA = YES;
				CLANG_WARN_CONSTANT_CONVERSION = YES;
				CLANG_WARN_DEPRECATED_OBJC_IMPLEMENTATIONS = YES;
				CLANG_WARN_DIRECT_OBJC_ISA_USAGE = YES_ERROR;
				CLANG_WARN_DOCUMENTATION_COMMENTS = YES;
				CLANG_WARN_EMPTY_BODY = YES;
				CLANG_WARN_ENUM_CONVERSION = YES;
				CLANG_WARN_INFINITE_RECURSION = YES;
				CLANG_WARN_INT_CONVERSION = YES;
				CLANG_WARN_NON_LITERAL_NULL_CONVERSION = YES;
				CLANG_WARN_OBJC_IMPLICIT_RETAIN_SELF = YES;
				CLANG_WARN_OBJC_LITERAL_CONVERSION = YES;
				CLANG_WARN_OBJC_ROOT_CLASS = YES_ERROR;
				CLANG_WARN_QUOTED_INCLUDE_IN_FRAMEWORK_HEADER = YES;
				CLANG_WARN_RANGE_LOOP_ANALYSIS = YES;
				CLANG_WARN_STRICT_PROTOTYPES = YES;
				CLANG_WARN_SUSPICIOUS_MOVE = YES;
				CLANG_WARN_UNGUARDED_AVAILABILITY = YES_AGGRESSIVE;
				CLANG_WARN_UNREACHABLE_CODE = YES;
				CLANG_WARN__DUPLICATE_METHOD_MATCH = YES;
				COPY_PHASE_STRIP = NO;
				DEBUG_INFORMATION_FORMAT = dwarf;
				ENABLE_STRICT_OBJC_MSGSEND = YES;
				ENABLE_TESTABILITY = YES;
				GCC_C_LANGUAGE_STANDARD = gnu11;
				GCC_DYNAMIC_NO_PIC = NO;
				GCC_NO_COMMON_BLOCKS = YES;
				GCC_OPTIMIZATION_LEVEL = 0;
				GCC_PREPROCESSOR_DEFINITIONS = (
					"DEBUG=1",
					"$(inherited)",
				);
				GCC_WARN_64_TO_32_BIT_CONVERSION = YES;
				GCC_WARN_ABOUT_RETURN_TYPE = YES_ERROR;
				GCC_WARN_UNDECLARED_SELECTOR = YES;
				GCC_WARN_UNINITIALIZED_AUTOS = YES_AGGRESSIVE;
				GCC_WARN_UNUSED_FUNCTION = YES;
				GCC_WARN_UNUSED_VARIABLE = YES;
				IPHONEOS_DEPLOYMENT_TARGET = 15.0;
				MTL_ENABLE_DEBUG_INFO = INCLUDE_SOURCE;
				MTL_FAST_MATH = YES;
				ONLY_ACTIVE_ARCH = YES;
				SDKROOT = iphoneos;
				SWIFT_ACTIVE_COMPILATION_CONDITIONS = DEBUG;
				SWIFT_OPTIMIZATION_LEVEL = "-Onone";
			};
			name = Debug;
		};
		FAE72A86270D8569001D648E /* Release */ = {
			isa = XCBuildConfiguration;
			buildSettings = {
				ALWAYS_SEARCH_USER_PATHS = NO;
				CLANG_ANALYZER_LOCALIZABILITY_NONLOCALIZED = YES;
				CLANG_ANALYZER_NONNULL = YES;
				CLANG_ANALYZER_NUMBER_OBJECT_CONVERSION = YES_AGGRESSIVE;
				CLANG_CXX_LANGUAGE_STANDARD = "gnu++17";
				CLANG_CXX_LIBRARY = "libc++";
				CLANG_ENABLE_MODULES = YES;
				CLANG_ENABLE_OBJC_ARC = YES;
				CLANG_ENABLE_OBJC_WEAK = YES;
				CLANG_WARN_BLOCK_CAPTURE_AUTORELEASING = YES;
				CLANG_WARN_BOOL_CONVERSION = YES;
				CLANG_WARN_COMMA = YES;
				CLANG_WARN_CONSTANT_CONVERSION = YES;
				CLANG_WARN_DEPRECATED_OBJC_IMPLEMENTATIONS = YES;
				CLANG_WARN_DIRECT_OBJC_ISA_USAGE = YES_ERROR;
				CLANG_WARN_DOCUMENTATION_COMMENTS = YES;
				CLANG_WARN_EMPTY_BODY = YES;
				CLANG_WARN_ENUM_CONVERSION = YES;
				CLANG_WARN_INFINITE_RECURSION = YES;
				CLANG_WARN_INT_CONVERSION = YES;
				CLANG_WARN_NON_LITERAL_NULL_CONVERSION = YES;
				CLANG_WARN_OBJC_IMPLICIT_RETAIN_SELF = YES;
				CLANG_WARN_OBJC_LITERAL_CONVERSION = YES;
				CLANG_WARN_OBJC_ROOT_CLASS = YES_ERROR;
				CLANG_WARN_QUOTED_INCLUDE_IN_FRAMEWORK_HEADER = YES;
				CLANG_WARN_RANGE_LOOP_ANALYSIS = YES;
				CLANG_WARN_STRICT_PROTOTYPES = YES;
				CLANG_WARN_SUSPICIOUS_MOVE = YES;
				CLANG_WARN_UNGUARDED_AVAILABILITY = YES_AGGRESSIVE;
				CLANG_WARN_UNREACHABLE_CODE = YES;
				CLANG_WARN__DUPLICATE_METHOD_MATCH = YES;
				COPY_PHASE_STRIP = NO;
				DEBUG_INFORMATION_FORMAT = "dwarf-with-dsym";
				ENABLE_NS_ASSERTIONS = NO;
				ENABLE_STRICT_OBJC_MSGSEND = YES;
				GCC_C_LANGUAGE_STANDARD = gnu11;
				GCC_NO_COMMON_BLOCKS = YES;
				GCC_WARN_64_TO_32_BIT_CONVERSION = YES;
				GCC_WARN_ABOUT_RETURN_TYPE = YES_ERROR;
				GCC_WARN_UNDECLARED_SELECTOR = YES;
				GCC_WARN_UNINITIALIZED_AUTOS = YES_AGGRESSIVE;
				GCC_WARN_UNUSED_FUNCTION = YES;
				GCC_WARN_UNUSED_VARIABLE = YES;
				IPHONEOS_DEPLOYMENT_TARGET = 15.0;
				MTL_ENABLE_DEBUG_INFO = NO;
				MTL_FAST_MATH = YES;
				SDKROOT = iphoneos;
				SWIFT_COMPILATION_MODE = wholemodule;
				SWIFT_OPTIMIZATION_LEVEL = "-O";
				VALIDATE_PRODUCT = YES;
			};
			name = Release;
		};
		FAE72A88270D8569001D648E /* Debug */ = {
			isa = XCBuildConfiguration;
			buildSettings = {
				ASSETCATALOG_COMPILER_APPICON_NAME = AppIcon;
				ASSETCATALOG_COMPILER_GLOBAL_ACCENT_COLOR_NAME = AccentColor;
				CODE_SIGN_STYLE = Automatic;
				CURRENT_PROJECT_VERSION = 1;
				GENERATE_INFOPLIST_FILE = YES;
				INFOPLIST_FILE = LocApp/Info.plist;
				INFOPLIST_KEY_UIApplicationSupportsIndirectInputEvents = YES;
				INFOPLIST_KEY_UILaunchStoryboardName = LaunchScreen;
				INFOPLIST_KEY_UIMainStoryboardFile = Main;
				INFOPLIST_KEY_UISupportedInterfaceOrientations_iPad = "UIInterfaceOrientationPortrait UIInterfaceOrientationPortraitUpsideDown UIInterfaceOrientationLandscapeLeft UIInterfaceOrientationLandscapeRight";
				INFOPLIST_KEY_UISupportedInterfaceOrientations_iPhone = "UIInterfaceOrientationPortrait UIInterfaceOrientationLandscapeLeft UIInterfaceOrientationLandscapeRight";
				LD_RUNPATH_SEARCH_PATHS = (
					"$(inherited)",
					"@executable_path/Frameworks",
				);
				MARKETING_VERSION = 1.0;
				PRODUCT_BUNDLE_IDENTIFIER = l.LocApp;
				PRODUCT_NAME = "$(TARGET_NAME)";
				SWIFT_EMIT_LOC_STRINGS = YES;
				SWIFT_VERSION = 5.0;
				TARGETED_DEVICE_FAMILY = "1,2";
			};
			name = Debug;
		};
		FAE72A89270D8569001D648E /* Release */ = {
			isa = XCBuildConfiguration;
			buildSettings = {
				ASSETCATALOG_COMPILER_APPICON_NAME = AppIcon;
				ASSETCATALOG_COMPILER_GLOBAL_ACCENT_COLOR_NAME = AccentColor;
				CODE_SIGN_STYLE = Automatic;
				CURRENT_PROJECT_VERSION = 1;
				GENERATE_INFOPLIST_FILE = YES;
				INFOPLIST_FILE = LocApp/Info.plist;
				INFOPLIST_KEY_UIApplicationSupportsIndirectInputEvents = YES;
				INFOPLIST_KEY_UILaunchStoryboardName = LaunchScreen;
				INFOPLIST_KEY_UIMainStoryboardFile = Main;
				INFOPLIST_KEY_UISupportedInterfaceOrientations_iPad = "UIInterfaceOrientationPortrait UIInterfaceOrientationPortraitUpsideDown UIInterfaceOrientationLandscapeLeft UIInterfaceOrientationLandscapeRight";
				INFOPLIST_KEY_UISupportedInterfaceOrientations_iPhone = "UIInterfaceOrientationPortrait UIInterfaceOrientationLandscapeLeft UIInterfaceOrientationLandscapeRight";
				LD_RUNPATH_SEARCH_PATHS = (
					"$(inherited)",
					"@executable_path/Frameworks",
				);
				MARKETING_VERSION = 1.0;
				PRODUCT_BUNDLE_IDENTIFIER = l.LocApp;
				PRODUCT_NAME = "$(TARGET_NAME)";
				SWIFT_EMIT_LOC_STRINGS = YES;
				SWIFT_VERSION = 5.0;
				TARGETED_DEVICE_FAMILY = "1,2";
			};
			name = Release;
		};
		FAE72A8B270D8569001D648E /* Debug */ = {
			isa = XCBuildConfiguration;
			buildSettings = {
				ALWAYS_EMBED_SWIFT_STANDARD_LIBRARIES = YES;
				BUNDLE_LOADER = "$(TEST_HOST)";
				CODE_SIGN_STYLE = Automatic;
				CURRENT_PROJECT_VERSION = 1;
				GENERATE_INFOPLIST_FILE = YES;
				IPHONEOS_DEPLOYMENT_TARGET = 15.0;
				LD_RUNPATH_SEARCH_PATHS = (
					"$(inherited)",
					"@executable_path/Frameworks",
					"@loader_path/Frameworks",
				);
				MARKETING_VERSION = 1.0;
				PRODUCT_BUNDLE_IDENTIFIER = l.LocAppTests;
				PRODUCT_NAME = "$(TARGET_NAME)";
				SWIFT_EMIT_LOC_STRINGS = NO;
				SWIFT_VERSION = 5.0;
				TARGETED_DEVICE_FAMILY = "1,2";
				TEST_HOST = "$(BUILT_PRODUCTS_DIR)/LocApp.app/LocApp";
			};
			name = Debug;
		};
		FAE72A8C270D8569001D648E /* Release */ = {
			isa = XCBuildConfiguration;
			buildSettings = {
				ALWAYS_EMBED_SWIFT_STANDARD_LIBRARIES = YES;
				BUNDLE_LOADER = "$(TEST_HOST)";
				CODE_SIGN_STYLE = Automatic;
				CURRENT_PROJECT_VERSION = 1;
				GENERATE_INFOPLIST_FILE = YES;
				IPHONEOS_DEPLOYMENT_TARGET = 15.0;
				LD_RUNPATH_SEARCH_PATHS = (
					"$(inherited)",
					"@executable_path/Frameworks",
					"@loader_path/Frameworks",
				);
				MARKETING_VERSION = 1.0;
				PRODUCT_BUNDLE_IDENTIFIER = l.LocAppTests;
				PRODUCT_NAME = "$(TARGET_NAME)";
				SWIFT_EMIT_LOC_STRINGS = NO;
				SWIFT_VERSION = 5.0;
				TARGETED_DEVICE_FAMILY = "1,2";
				TEST_HOST = "$(BUILT_PRODUCTS_DIR)/LocApp.app/LocApp";
			};
			name = Release;
		};
		FAE72A8E270D8569001D648E /* Debug */ = {
			isa = XCBuildConfiguration;
			buildSettings = {
				ALWAYS_EMBED_SWIFT_STANDARD_LIBRARIES = YES;
				CODE_SIGN_STYLE = Automatic;
				CURRENT_PROJECT_VERSION = 1;
				GENERATE_INFOPLIST_FILE = YES;
				LD_RUNPATH_SEARCH_PATHS = (
					"$(inherited)",
					"@executable_path/Frameworks",
					"@loader_path/Frameworks",
				);
				MARKETING_VERSION = 1.0;
				PRODUCT_BUNDLE_IDENTIFIER = l.LocAppUITests;
				PRODUCT_NAME = "$(TARGET_NAME)";
				SWIFT_EMIT_LOC_STRINGS = NO;
				SWIFT_VERSION = 5.0;
				TARGETED_DEVICE_FAMILY = "1,2";
				TEST_TARGET_NAME = LocApp;
			};
			name = Debug;
		};
		FAE72A8F270D8569001D648E /* Release */ = {
			isa = XCBuildConfiguration;
			buildSettings = {
				ALWAYS_EMBED_SWIFT_STANDARD_LIBRARIES = YES;
				CODE_SIGN_STYLE = Automatic;
				CURRENT_PROJECT_VERSION = 1;
				GENERATE_INFOPLIST_FILE = YES;
				LD_RUNPATH_SEARCH_PATHS = (
					"$(inherited)",
					"@executable_path/Frameworks",
					"@loader_path/Frameworks",
				);
				MARKETING_VERSION = 1.0;
				PRODUCT_BUNDLE_IDENTIFIER = l.LocAppUITests;
				PRODUCT_NAME = "$(TARGET_NAME)";
				SWIFT_EMIT_LOC_STRINGS = NO;
				SWIFT_VERSION = 5.0;
				TARGETED_DEVICE_FAMILY = "1,2";
				TEST_TARGET_NAME = LocApp;
			};
			name = Release;
		};
/* End XCBuildConfiguration section */

/* Begin XCConfigurationList section */
		FAE72A58270D8566001D648E /* Build configuration list for PBXProject "LocApp" */ = {
			isa = XCConfigurationList;
			buildConfigurations = (
				FAE72A85270D8569001D648E /* Debug */,
				FAE72A86270D8569001D648E /* Release */,
			);
			defaultConfigurationIsVisible = 0;
			defaultConfigurationName = Release;
		};
		FAE72A87270D8569001D648E /* Build configuration list for PBXNativeTarget "LocApp" */ = {
			isa = XCConfigurationList;
			buildConfigurations = (
				FAE72A88270D8569001D648E /* Debug */,
				FAE72A89270D8569001D648E /* Release */,
			);
			defaultConfigurationIsVisible = 0;
			defaultConfigurationName = Release;
		};
		FAE72A8A270D8569001D648E /* Build configuration list for PBXNativeTarget "LocAppTests" */ = {
			isa = XCConfigurationList;
			buildConfigurations = (
				FAE72A8B270D8569001D648E /* Debug */,
				FAE72A8C270D8569001D648E /* Release */,
			);
			defaultConfigurationIsVisible = 0;
			defaultConfigurationName = Release;
		};
		FAE72A8D270D8569001D648E /* Build configuration list for PBXNativeTarget "LocAppUITests" */ = {
			isa = XCConfigurationList;
			buildConfigurations = (
				FAE72A8E270D8569001D648E /* Debug */,
				FAE72A8F270D8569001D648E /* Release */,
			);
			defaultConfigurationIsVisible = 0;
			defaultConfigurationName = Release;
		};
/* End XCConfigurationList section */
	};
	rootObject = FAE72A55270D8566001D648E /* Project object */;
}
